
Microsoft Visual Studio Solution File, Format Version 12.00
# Visual Studio 14
VisualStudioVersion = 14.0.25420.1
MinimumVisualStudioVersion = 10.0.40219.1
Project("{2150E333-8FDC-42A3-9474-1A3956D46DE8}") = "Source", "Source", "{2690602B-6CB8-4869-ABBC-7A6350BBF2E0}"
EndProject
Project("{FAE04EC0-301F-11D3-BF4B-00C04F79EFBC}") = "ActivityTracker.Core", "Source\ActivityTracker.Core\ActivityTracker.Core.csproj", "{3C61A715-C53A-4BF8-ACCB-6D0B1DB8FB22}"
EndProject
Project("{2150E333-8FDC-42A3-9474-1A3956D46DE8}") = "Tests", "Tests", "{21383F2A-E572-4819-80AF-0FDF2EC46908}"
EndProject
Project("{FAE04EC0-301F-11D3-BF4B-00C04F79EFBC}") = "ActivityTracker.Tests.Core", "Source\Tests\ActivityTracker.Tests.Core\ActivityTracker.Tests.Core.csproj", "{B21F836B-DE4D-4D85-8C99-AFF0BC45C96F}"
EndProject
Global
	GlobalSection(SolutionConfigurationPlatforms) = preSolution
		Debug|Any CPU = Debug|Any CPU
		Release|Any CPU = Release|Any CPU
	EndGlobalSection
	GlobalSection(ProjectConfigurationPlatforms) = postSolution
		{3C61A715-C53A-4BF8-ACCB-6D0B1DB8FB22}.Debug|Any CPU.ActiveCfg = Debug|Any CPU
		{3C61A715-C53A-4BF8-ACCB-6D0B1DB8FB22}.Debug|Any CPU.Build.0 = Debug|Any CPU
		{3C61A715-C53A-4BF8-ACCB-6D0B1DB8FB22}.Release|Any CPU.ActiveCfg = Release|Any CPU
		{3C61A715-C53A-4BF8-ACCB-6D0B1DB8FB22}.Release|Any CPU.Build.0 = Release|Any CPU
		{B21F836B-DE4D-4D85-8C99-AFF0BC45C96F}.Debug|Any CPU.ActiveCfg = Debug|Any CPU
		{B21F836B-DE4D-4D85-8C99-AFF0BC45C96F}.Debug|Any CPU.Build.0 = Debug|Any CPU
		{B21F836B-DE4D-4D85-8C99-AFF0BC45C96F}.Release|Any CPU.ActiveCfg = Release|Any CPU
		{B21F836B-DE4D-4D85-8C99-AFF0BC45C96F}.Release|Any CPU.Build.0 = Release|Any CPU
	EndGlobalSection
	GlobalSection(SolutionProperties) = preSolution
		HideSolutionNode = FALSE
	EndGlobalSection
	GlobalSection(NestedProjects) = preSolution
		{3C61A715-C53A-4BF8-ACCB-6D0B1DB8FB22} = {2690602B-6CB8-4869-ABBC-7A6350BBF2E0}
		{B21F836B-DE4D-4D85-8C99-AFF0BC45C96F} = {21383F2A-E572-4819-80AF-0FDF2EC46908}
	EndGlobalSection
EndGlobal
